{
  "name": "reservations",
  "lockfileVersion": 3,
  "requires": true,
  "packages": {
    "": {
      "dependencies": {
        "bootstrap5": "^1.1.9"
      }
    },
    "node_modules/bootstrap5": {
      "version": "1.1.9",
      "resolved": "https://registry.npmjs.org/bootstrap5/-/bootstrap5-1.1.9.tgz",
      "integrity": "sha512-XZSujP1vsslV7iUgPHRLobe+rL7pYUvZaK2Erk0r45m00cQZz/No3Ua7cenlCFLN+gOMEWYU+ipa8Ktzz79oVA=="
    }
  }
}
